
Microsoft Visual Studio Solution File, Format Version 12.00
# Visual Studio 15
VisualStudioVersion = 15.0.27428.2043
MinimumVisualStudioVersion = 10.0.40219.1
Project("{FAE04EC0-301F-11D3-BF4B-00C04F79EFBC}") = "GPACalculator", "GPACalculator\GPACalculator.csproj", "{51C29143-4540-470A-B6B7-8AE94D6D7959}"
EndProject
Global
	GlobalSection(SolutionConfigurationPlatforms) = preSolution
		Debug|Any CPU = Debug|Any CPU
		Release|Any CPU = Release|Any CPU
	EndGlobalSection
	GlobalSection(ProjectConfigurationPlatforms) = postSolution
		{51C29143-4540-470A-B6B7-8AE94D6D7959}.Debug|Any CPU.ActiveCfg = Debug|Any CPU
		{51C29143-4540-470A-B6B7-8AE94D6D7959}.Debug|Any CPU.Build.0 = Debug|Any CPU
		{51C29143-4540-470A-B6B7-8AE94D6D7959}.Release|Any CPU.ActiveCfg = Release|Any CPU
		{51C29143-4540-470A-B6B7-8AE94D6D7959}.Release|Any CPU.Build.0 = Release|Any CPU
	EndGlobalSection
	GlobalSection(SolutionProperties) = preSolution
		HideSolutionNode = FALSE
	EndGlobalSection
	GlobalSection(ExtensibilityGlobals) = postSolution
		SolutionGuid = {DC6D7852-2649-452E-AB73-3D07C6D78D9E}
	EndGlobalSection
EndGlobal
